// !$*UTF8*$!
{
	archiveVersion = 1;
	classes = {
	};
	objectVersion = 50;
	objects = {

/* Begin PBXBuildFile section */
		CDDBF2EB222B48B300F7678B /* AppDelegate.swift in Sources */ = {isa = PBXBuildFile; fileRef = CDDBF2EA222B48B300F7678B /* AppDelegate.swift */; };
		CDDBF2ED222B48B300F7678B /* art.scnassets in Resources */ = {isa = PBXBuildFile; fileRef = CDDBF2EC222B48B300F7678B /* art.scnassets */; };
		CDDBF2EF222B48B300F7678B /* ViewController.swift in Sources */ = {isa = PBXBuildFile; fileRef = CDDBF2EE222B48B300F7678B /* ViewController.swift */; };
		CDDBF2F2222B48B300F7678B /* Main.storyboard in Resources */ = {isa = PBXBuildFile; fileRef = CDDBF2F0222B48B300F7678B /* Main.storyboard */; };
		CDDBF2F4222B48B300F7678B /* Assets.xcassets in Resources */ = {isa = PBXBuildFile; fileRef = CDDBF2F3222B48B300F7678B /* Assets.xcassets */; };
		CDDBF2F7222B48B300F7678B /* LaunchScreen.storyboard in Resources */ = {isa = PBXBuildFile; fileRef = CDDBF2F5222B48B300F7678B /* LaunchScreen.storyboard */; };
/* End PBXBuildFile section */

/* Begin PBXFileReference section */
		CDDBF2E7222B48B300F7678B /* ARProject.app */ = {isa = PBXFileReference; explicitFileType = wrapper.application; includeInIndex = 0; path = ARProject.app; sourceTree = BUILT_PRODUCTS_DIR; };
		CDDBF2EA222B48B300F7678B /* AppDelegate.swift */ = {isa = PBXFileReference; lastKnownFileType = sourcecode.swift; path = AppDelegate.swift; sourceTree = "<group>"; };
		CDDBF2EC222B48B300F7678B /* art.scnassets */ = {isa = PBXFileReference; lastKnownFileType = wrapper.scnassets; path = art.scnassets; sourceTree = "<group>"; };
		CDDBF2EE222B48B300F7678B /* ViewController.swift */ = {isa = PBXFileReference; lastKnownFileType = sourcecode.swift; path = ViewController.swift; sourceTree = "<group>"; };
		CDDBF2F1222B48B300F7678B /* Base */ = {isa = PBXFileReference; lastKnownFileType = file.storyboard; name = Base; path = Base.lproj/Main.storyboard; sourceTree = "<group>"; };
		CDDBF2F3222B48B300F7678B /* Assets.xcassets */ = {isa = PBXFileReference; lastKnownFileType = folder.assetcatalog; path = Assets.xcassets; sourceTree = "<group>"; };
		CDDBF2F6222B48B300F7678B /* Base */ = {isa = PBXFileReference; lastKnownFileType = file.storyboard; name = Base; path = Base.lproj/LaunchScreen.storyboard; sourceTree = "<group>"; };
		CDDBF2F8222B48B300F7678B /* Info.plist */ = {isa = PBXFileReference; lastKnownFileType = text.plist.xml; path = Info.plist; sourceTree = "<group>"; };
/* End PBXFileReference section */

/* Begin PBXFrameworksBuildPhase section */
		CDDBF2E4222B48B300F7678B /* Frameworks */ = {
			isa = PBXFrameworksBuildPhase;
			buildActionMask = 2147483647;
			files = (
			);
			runOnlyForDeploymentPostprocessing = 0;
		};
/* End PBXFrameworksBuildPhase section */

/* Begin PBXGroup section */
		CDDBF2DE222B48B300F7678B = {
			isa = PBXGroup;
			children = (
				CDDBF2E9222B48B300F7678B /* ARProject */,
				CDDBF2E8222B48B300F7678B /* Products */,
			);
			sourceTree = "<group>";
		};
		CDDBF2E8222B48B300F7678B /* Products */ = {
			isa = PBXGroup;
			children = (
				CDDBF2E7222B48B300F7678B /* ARProject.app */,
			);
			name = Products;
			sourceTree = "<group>";
		};
		CDDBF2E9222B48B300F7678B /* ARProject */ = {
			isa = PBXGroup;
			children = (
				CDDBF2EA222B48B300F7678B /* AppDelegate.swift */,
				CDDBF2EC222B48B300F7678B /* art.scnassets */,
				CDDBF2EE222B48B300F7678B /* ViewController.swift */,
				CDDBF2F0222B48B300F7678B /* Main.storyboard */,
				CDDBF2F3222B48B300F7678B /* Assets.xcassets */,
				CDDBF2F5222B48B300F7678B /* LaunchScreen.storyboard */,
				CDDBF2F8222B48B300F7678B /* Info.plist */,
			);
			path = ARProject;
			sourceTree = "<group>";
		};
/* End PBXGroup section */

/* Begin PBXNativeTarget section */
		CDDBF2E6222B48B300F7678B /* ARProject */ = {
			isa = PBXNativeTarget;
			buildConfigurationList = CDDBF2FB222B48B300F7678B /* Build configuration list for PBXNativeTarget "ARProject" */;
			buildPhases = (
				CDDBF2E3222B48B300F7678B /* Sources */,
				CDDBF2E4222B48B300F7678B /* Frameworks */,
				CDDBF2E5222B48B300F7678B /* Resources */,
			);
			buildRules = (
			);
			dependencies = (
			);
			name = ARProject;
			productName = ARProject;
			productReference = CDDBF2E7222B48B300F7678B /* ARProject.app */;
			productType = "com.apple.product-type.application";
		};
/* End PBXNativeTarget section */

/* Begin PBXProject section */
		CDDBF2DF222B48B300F7678B /* Project object */ = {
			isa = PBXProject;
			attributes = {
				LastSwiftUpdateCheck = 1010;
				LastUpgradeCheck = 1010;
				ORGANIZATIONNAME = "Van Luu";
				TargetAttributes = {
					CDDBF2E6222B48B300F7678B = {
						CreatedOnToolsVersion = 10.1;
					};
				};
			};
			buildConfigurationList = CDDBF2E2222B48B300F7678B /* Build configuration list for PBXProject "ARProject" */;
			compatibilityVersion = "Xcode 9.3";
			developmentRegion = en;
			hasScannedForEncodings = 0;
			knownRegions = (
				en,
				Base,
			);
			mainGroup = CDDBF2DE222B48B300F7678B;
			productRefGroup = CDDBF2E8222B48B300F7678B /* Products */;
			projectDirPath = "";
			projectRoot = "";
			targets = (
				CDDBF2E6222B48B300F7678B /* ARProject */,
			);
		};
/* End PBXProject section */

/* Begin PBXResourcesBuildPhase section */
		CDDBF2E5222B48B300F7678B /* Resources */ = {
			isa = PBXResourcesBuildPhase;
			buildActionMask = 2147483647;
			files = (
				CDDBF2ED222B48B300F7678B /* art.scnassets in Resources */,
				CDDBF2F7222B48B300F7678B /* LaunchScreen.storyboard in Resources */,
				CDDBF2F4222B48B300F7678B /* Assets.xcassets in Resources */,
				CDDBF2F2222B48B300F7678B /* Main.storyboard in Resources */,
			);
			runOnlyForDeploymentPostprocessing = 0;
		};
/* End PBXResourcesBuildPhase section */

/* Begin PBXSourcesBuildPhase section */
		CDDBF2E3222B48B300F7678B /* Sources */ = {
			isa = PBXSourcesBuildPhase;
			buildActionMask = 2147483647;
			files = (
				CDDBF2EF222B48B300F7678B /* ViewController.swift in Sources */,
				CDDBF2EB222B48B300F7678B /* AppDelegate.swift in Sources */,
			);
			runOnlyForDeploymentPostprocessing = 0;
		};
/* End PBXSourcesBuildPhase section */

/* Begin PBXVariantGroup section */
		CDDBF2F0222B48B300F7678B /* Main.storyboard */ = {
			isa = PBXVariantGroup;
			children = (
				CDDBF2F1222B48B300F7678B /* Base */,
			);
			name = Main.storyboard;
			sourceTree = "<group>";
		};
		CDDBF2F5222B48B300F7678B /* LaunchScreen.storyboard */ = {
			isa = PBXVariantGroup;
			children = (
				CDDBF2F6222B48B300F7678B /* Base */,
			);
			name = LaunchScreen.storyboard;
			sourceTree = "<group>";
		};
/* End PBXVariantGroup section */

/* Begin XCBuildConfiguration section */
		CDDBF2F9222B48B300F7678B /* Debug */ = {
			isa = XCBuildConfiguration;
			buildSettings = {
				ALWAYS_SEARCH_USER_PATHS = NO;
				CLANG_ANALYZER_NONNULL = YES;
				CLANG_ANALYZER_NUMBER_OBJECT_CONVERSION = YES_AGGRESSIVE;
				CLANG_CXX_LANGUAGE_STANDARD = "gnu++14";
				CLANG_CXX_LIBRARY = "libc++";
				CLANG_ENABLE_MODULES = YES;
				CLANG_ENABLE_OBJC_ARC = YES;
				CLANG_ENABLE_OBJC_WEAK = YES;
				CLANG_WARN_BLOCK_CAPTURE_AUTORELEASING = YES;
				CLANG_WARN_BOOL_CONVERSION = YES;
				CLANG_WARN_COMMA = YES;
				CLANG_WARN_CONSTANT_CONVERSION = YES;
				CLANG_WARN_DEPRECATED_OBJC_IMPLEMENTATIONS = YES;
				CLANG_WARN_DIRECT_OBJC_ISA_USAGE = YES_ERROR;
				CLANG_WARN_DOCUMENTATION_COMMENTS = YES;
				CLANG_WARN_EMPTY_BODY = YES;
				CLANG_WARN_ENUM_CONVERSION = YES;
				CLANG_WARN_INFINITE_RECURSION = YES;
				CLANG_WARN_INT_CONVERSION = YES;
				CLANG_WARN_NON_LITERAL_NULL_CONVERSION = YES;
				CLANG_WARN_OBJC_IMPLICIT_RETAIN_SELF = YES;
				CLANG_WARN_OBJC_LITERAL_CONVERSION = YES;
				CLANG_WARN_OBJC_ROOT_CLASS = YES_ERROR;
				CLANG_WARN_RANGE_LOOP_ANALYSIS = YES;
				CLANG_WARN_STRICT_PROTOTYPES = YES;
				CLANG_WARN_SUSPICIOUS_MOVE = YES;
				CLANG_WARN_UNGUARDED_AVAILABILITY = YES_AGGRESSIVE;
				CLANG_WARN_UNREACHABLE_CODE = YES;
				CLANG_WARN__DUPLICATE_METHOD_MATCH = YES;
				CODE_SIGN_IDENTITY = "iPhone Developer";
				COPY_PHASE_STRIP = NO;
				DEBUG_INFORMATION_FORMAT = dwarf;
				ENABLE_STRICT_OBJC_MSGSEND = YES;
				ENABLE_TESTABILITY = YES;
				GCC_C_LANGUAGE_STANDARD = gnu11;
				GCC_DYNAMIC_NO_PIC = NO;
				GCC_NO_COMMON_BLOCKS = YES;
				GCC_OPTIMIZATION_LEVEL = 0;
				GCC_PREPROCESSOR_DEFINITIONS = (
					"DEBUG=1",
					"$(inherited)",
				);
				GCC_WARN_64_TO_32_BIT_CONVERSION = YES;
				GCC_WARN_ABOUT_RETURN_TYPE = YES_ERROR;
				GCC_WARN_UNDECLARED_SELECTOR = YES;
				GCC_WARN_UNINITIALIZED_AUTOS = YES_AGGRESSIVE;
				GCC_WARN_UNUSED_FUNCTION = YES;
				GCC_WARN_UNUSED_VARIABLE = YES;
				IPHONEOS_DEPLOYMENT_TARGET = 12.1;
				MTL_ENABLE_DEBUG_INFO = INCLUDE_SOURCE;
				MTL_FAST_MATH = YES;
				ONLY_ACTIVE_ARCH = YES;
				SDKROOT = iphoneos;
				SWIFT_ACTIVE_COMPILATION_CONDITIONS = DEBUG;
				SWIFT_OPTIMIZATION_LEVEL = "-Onone";
			};
			name = Debug;
		};
		CDDBF2FA222B48B300F7678B /* Release */ = {
			isa = XCBuildConfiguration;
			buildSettings = {
				ALWAYS_SEARCH_USER_PATHS = NO;
				CLANG_ANALYZER_NONNULL = YES;
				CLANG_ANALYZER_NUMBER_OBJECT_CONVERSION = YES_AGGRESSIVE;
				CLANG_CXX_LANGUAGE_STANDARD = "gnu++14";
				CLANG_CXX_LIBRARY = "libc++";
				CLANG_ENABLE_MODULES = YES;
				CLANG_ENABLE_OBJC_ARC = YES;
				CLANG_ENABLE_OBJC_WEAK = YES;
				CLANG_WARN_BLOCK_CAPTURE_AUTORELEASING = YES;
				CLANG_WARN_BOOL_CONVERSION = YES;
				CLANG_WARN_COMMA = YES;
				CLANG_WARN_CONSTANT_CONVERSION = YES;
				CLANG_WARN_DEPRECATED_OBJC_IMPLEMENTATIONS = YES;
				CLANG_WARN_DIRECT_OBJC_ISA_USAGE = YES_ERROR;
				CLANG_WARN_DOCUMENTATION_COMMENTS = YES;
				CLANG_WARN_EMPTY_BODY = YES;
				CLANG_WARN_ENUM_CONVERSION = YES;
				CLANG_WARN_INFINITE_RECURSION = YES;
				CLANG_WARN_INT_CONVERSION = YES;
				CLANG_WARN_NON_LITERAL_NULL_CONVERSION = YES;
				CLANG_WARN_OBJC_IMPLICIT_RETAIN_SELF = YES;
				CLANG_WARN_OBJC_LITERAL_CONVERSION = YES;
				CLANG_WARN_OBJC_ROOT_CLASS = YES_ERROR;
				CLANG_WARN_RANGE_LOOP_ANALYSIS = YES;
				CLANG_WARN_STRICT_PROTOTYPES = YES;
				CLANG_WARN_SUSPICIOUS_MOVE = YES;
				CLANG_WARN_UNGUARDED_AVAILABILITY = YES_AGGRESSIVE;
				CLANG_WARN_UNREACHABLE_CODE = YES;
				CLANG_WARN__DUPLICATE_METHOD_MATCH = YES;
				CODE_SIGN_IDENTITY = "iPhone Developer";
				COPY_PHASE_STRIP = NO;
				DEBUG_INFORMATION_FORMAT = "dwarf-with-dsym";
				ENABLE_NS_ASSERTIONS = NO;
				ENABLE_STRICT_OBJC_MSGSEND = YES;
				GCC_C_LANGUAGE_STANDARD = gnu11;
				GCC_NO_COMMON_BLOCKS = YES;
				GCC_WARN_64_TO_32_BIT_CONVERSION = YES;
				GCC_WARN_ABOUT_RETURN_TYPE = YES_ERROR;
				GCC_WARN_UNDECLARED_SELECTOR = YES;
				GCC_WARN_UNINITIALIZED_AUTOS = YES_AGGRESSIVE;
				GCC_WARN_UNUSED_FUNCTION = YES;
				GCC_WARN_UNUSED_VARIABLE = YES;
				IPHONEOS_DEPLOYMENT_TARGET = 12.1;
				MTL_ENABLE_DEBUG_INFO = NO;
				MTL_FAST_MATH = YES;
				SDKROOT = iphoneos;
				SWIFT_COMPILATION_MODE = wholemodule;
				SWIFT_OPTIMIZATION_LEVEL = "-O";
				VALIDATE_PRODUCT = YES;
			};
			name = Release;
		};
		CDDBF2FC222B48B300F7678B /* Debug */ = {
			isa = XCBuildConfiguration;
			buildSettings = {
				ASSETCATALOG_COMPILER_APPICON_NAME = AppIcon;
				CODE_SIGN_STYLE = Automatic;
				DEVELOPMENT_TEAM = CJ99886F8U;
				INFOPLIST_FILE = ARProject/Info.plist;
				LD_RUNPATH_SEARCH_PATHS = (
					"$(inherited)",
					"@executable_path/Frameworks",
				);
				PRODUCT_BUNDLE_IDENTIFIER = com.vanluu.ARProject;
				PRODUCT_NAME = "$(TARGET_NAME)";
				SWIFT_VERSION = 4.2;
				TARGETED_DEVICE_FAMILY = "1,2";
			};
			name = Debug;
		};
		CDDBF2FD222B48B300F7678B /* Release */ = {
			isa = XCBuildConfiguration;
			buildSettings = {
				ASSETCATALOG_COMPILER_APPICON_NAME = AppIcon;
				CODE_SIGN_STYLE = Automatic;
				DEVELOPMENT_TEAM = CJ99886F8U;
				INFOPLIST_FILE = ARProject/Info.plist;
				LD_RUNPATH_SEARCH_PATHS = (
					"$(inherited)",
					"@executable_path/Frameworks",
				);
				PRODUCT_BUNDLE_IDENTIFIER = com.vanluu.ARProject;
				PRODUCT_NAME = "$(TARGET_NAME)";
				SWIFT_VERSION = 4.2;
				TARGETED_DEVICE_FAMILY = "1,2";
			};
			name = Release;
		};
/* End XCBuildConfiguration section */

/* Begin XCConfigurationList section */
		CDDBF2E2222B48B300F7678B /* Build configuration list for PBXProject "ARProject" */ = {
			isa = XCConfigurationList;
			buildConfigurations = (
				CDDBF2F9222B48B300F7678B /* Debug */,
				CDDBF2FA222B48B300F7678B /* Release */,
			);
			defaultConfigurationIsVisible = 0;
			defaultConfigurationName = Release;
		};
		CDDBF2FB222B48B300F7678B /* Build configuration list for PBXNativeTarget "ARProject" */ = {
			isa = XCConfigurationList;
			buildConfigurations = (
				CDDBF2FC222B48B300F7678B /* Debug */,
				CDDBF2FD222B48B300F7678B /* Release */,
			);
			defaultConfigurationIsVisible = 0;
			defaultConfigurationName = Release;
		};
/* End XCConfigurationList section */
	};
	rootObject = CDDBF2DF222B48B300F7678B /* Project object */;
}
